
Microsoft Visual Studio Solution File, Format Version 12.00
# Visual Studio Version 17
VisualStudioVersion = 17.7.34031.279
MinimumVisualStudioVersion = 10.0.40219.1
Project("{FAE04EC0-301F-11D3-BF4B-00C04F79EFBC}") = "BlazorChatSignalR2.Server", "BlazorChatSignalR2\Server\BlazorChatSignalR2.Server.csproj", "{51BFB206-6749-41C6-ABB6-83AF7127A82A}"
EndProject
Project("{FAE04EC0-301F-11D3-BF4B-00C04F79EFBC}") = "BlazorChatSignalR2.Client", "BlazorChatSignalR2\Client\BlazorChatSignalR2.Client.csproj", "{F057355E-C2DA-4DBC-BAE1-85BCE42DBE52}"
EndProject
Project("{FAE04EC0-301F-11D3-BF4B-00C04F79EFBC}") = "BlazorChatSignalR2.Shared", "BlazorChatSignalR2\Shared\BlazorChatSignalR2.Shared.csproj", "{41554BC9-222B-4FE2-8FB0-1D41FB150C17}"
EndProject
Global
	GlobalSection(SolutionConfigurationPlatforms) = preSolution
		Debug|Any CPU = Debug|Any CPU
		Release|Any CPU = Release|Any CPU
	EndGlobalSection
	GlobalSection(ProjectConfigurationPlatforms) = postSolution
		{51BFB206-6749-41C6-ABB6-83AF7127A82A}.Debug|Any CPU.ActiveCfg = Debug|Any CPU
		{51BFB206-6749-41C6-ABB6-83AF7127A82A}.Debug|Any CPU.Build.0 = Debug|Any CPU
		{51BFB206-6749-41C6-ABB6-83AF7127A82A}.Release|Any CPU.ActiveCfg = Release|Any CPU
		{51BFB206-6749-41C6-ABB6-83AF7127A82A}.Release|Any CPU.Build.0 = Release|Any CPU
		{F057355E-C2DA-4DBC-BAE1-85BCE42DBE52}.Debug|Any CPU.ActiveCfg = Debug|Any CPU
		{F057355E-C2DA-4DBC-BAE1-85BCE42DBE52}.Debug|Any CPU.Build.0 = Debug|Any CPU
		{F057355E-C2DA-4DBC-BAE1-85BCE42DBE52}.Release|Any CPU.ActiveCfg = Release|Any CPU
		{F057355E-C2DA-4DBC-BAE1-85BCE42DBE52}.Release|Any CPU.Build.0 = Release|Any CPU
		{41554BC9-222B-4FE2-8FB0-1D41FB150C17}.Debug|Any CPU.ActiveCfg = Debug|Any CPU
		{41554BC9-222B-4FE2-8FB0-1D41FB150C17}.Debug|Any CPU.Build.0 = Debug|Any CPU
		{41554BC9-222B-4FE2-8FB0-1D41FB150C17}.Release|Any CPU.ActiveCfg = Release|Any CPU
		{41554BC9-222B-4FE2-8FB0-1D41FB150C17}.Release|Any CPU.Build.0 = Release|Any CPU
	EndGlobalSection
	GlobalSection(SolutionProperties) = preSolution
		HideSolutionNode = FALSE
	EndGlobalSection
	GlobalSection(ExtensibilityGlobals) = postSolution
		SolutionGuid = {846B7F39-9506-41AC-8920-1FEBB6DCE0D2}
	EndGlobalSection
EndGlobal
